
Microsoft Visual Studio Solution File, Format Version 12.00
# Visual Studio Version 17
VisualStudioVersion = 17.11.35312.102
MinimumVisualStudioVersion = 10.0.40219.1
Project("{8BC9CEB8-8B4A-11D0-8D11-00A0C91BC942}") = "psd2m_mesh_generator", "psd2m_mesh_generator\psd2m_mesh_generator.vcxproj", "{C1C1B2DA-D119-397D-AC9C-1F25B3485FFE}"
EndProject
Project("{8BC9CEB8-8B4A-11D0-8D11-00A0C91BC942}") = "psd2m_psd_reader", "psd2m_psd_reader\psd2m_psd_reader.vcxproj", "{09A2DA65-C8F4-37FC-91B8-AACA66F82ECF}"
EndProject
Project("{8BC9CEB8-8B4A-11D0-8D11-00A0C91BC942}") = "psd2m_util", "psd2m_util\psd2m_util.vcxproj", "{EC0F2B11-59EE-32AC-B26A-80FD9D4E4329}"
EndProject
Project("{8BC9CEB8-8B4A-11D0-8D11-00A0C91BC942}") = "psd2m_core", "psd2m_core\psd2m_core.vcxproj", "{E08C28B3-FBF9-3975-A7EC-F3B289ED4018}"
EndProject
Project("{8BC9CEB8-8B4A-11D0-8D11-00A0C91BC942}") = "psd2m_fbx", "psd2m_fbx\psd2m_fbx.vcxproj", "{FD7B6E28-6892-4293-AA4A-EFC2E03B19C6}"
	ProjectSection(ProjectDependencies) = postProject
		{E08C28B3-FBF9-3975-A7EC-F3B289ED4018} = {E08C28B3-FBF9-3975-A7EC-F3B289ED4018}
	EndProjectSection
EndProject
Global
	GlobalSection(SolutionConfigurationPlatforms) = preSolution
		RelUnoptimized_FBX|x64 = RelUnoptimized_FBX|x64
		RelUnoptimized_Unreal|x64 = RelUnoptimized_Unreal|x64
		RelWithDebInfo_FBX|x64 = RelWithDebInfo_FBX|x64
		RelWithDebInfo_Maya2020|x64 = RelWithDebInfo_Maya2020|x64
		RelWithDebInfo_Maya2022|x64 = RelWithDebInfo_Maya2022|x64
		RelWithDebInfo_Maya2023|x64 = RelWithDebInfo_Maya2023|x64
		RelWithDebInfo_Maya2024|x64 = RelWithDebInfo_Maya2024|x64
		RelWithDebInfo_Maya2025|x64 = RelWithDebInfo_Maya2025|x64
		RelWithDebInfo_Unreal|x64 = RelWithDebInfo_Unreal|x64
	EndGlobalSection
	GlobalSection(ProjectConfigurationPlatforms) = postSolution
		{C1C1B2DA-D119-397D-AC9C-1F25B3485FFE}.RelUnoptimized_FBX|x64.ActiveCfg = RelUnoptimized_VS2019|x64
		{C1C1B2DA-D119-397D-AC9C-1F25B3485FFE}.RelUnoptimized_FBX|x64.Build.0 = RelUnoptimized_VS2019|x64
		{C1C1B2DA-D119-397D-AC9C-1F25B3485FFE}.RelUnoptimized_Unreal|x64.ActiveCfg = RelUnoptimized_VS2019|x64
		{C1C1B2DA-D119-397D-AC9C-1F25B3485FFE}.RelUnoptimized_Unreal|x64.Build.0 = RelUnoptimized_VS2019|x64
		{C1C1B2DA-D119-397D-AC9C-1F25B3485FFE}.RelWithDebInfo_FBX|x64.ActiveCfg = RelWithDebInfo_VS2019|x64
		{C1C1B2DA-D119-397D-AC9C-1F25B3485FFE}.RelWithDebInfo_FBX|x64.Build.0 = RelWithDebInfo_VS2019|x64
		{C1C1B2DA-D119-397D-AC9C-1F25B3485FFE}.RelWithDebInfo_Maya2020|x64.ActiveCfg = RelWithDebInfo_VS2017|x64
		{C1C1B2DA-D119-397D-AC9C-1F25B3485FFE}.RelWithDebInfo_Maya2020|x64.Build.0 = RelWithDebInfo_VS2017|x64
		{C1C1B2DA-D119-397D-AC9C-1F25B3485FFE}.RelWithDebInfo_Maya2022|x64.ActiveCfg = RelWithDebInfo_VS2019|x64
		{C1C1B2DA-D119-397D-AC9C-1F25B3485FFE}.RelWithDebInfo_Maya2022|x64.Build.0 = RelWithDebInfo_VS2019|x64
		{C1C1B2DA-D119-397D-AC9C-1F25B3485FFE}.RelWithDebInfo_Maya2023|x64.ActiveCfg = RelWithDebInfo_VS2019|x64
		{C1C1B2DA-D119-397D-AC9C-1F25B3485FFE}.RelWithDebInfo_Maya2023|x64.Build.0 = RelWithDebInfo_VS2019|x64
		{C1C1B2DA-D119-397D-AC9C-1F25B3485FFE}.RelWithDebInfo_Maya2024|x64.ActiveCfg = RelWithDebInfo_VS2022|x64
		{C1C1B2DA-D119-397D-AC9C-1F25B3485FFE}.RelWithDebInfo_Maya2024|x64.Build.0 = RelWithDebInfo_VS2022|x64
		{C1C1B2DA-D119-397D-AC9C-1F25B3485FFE}.RelWithDebInfo_Maya2025|x64.ActiveCfg = RelWithDebInfo_VS2022|x64
		{C1C1B2DA-D119-397D-AC9C-1F25B3485FFE}.RelWithDebInfo_Maya2025|x64.Build.0 = RelWithDebInfo_VS2022|x64
		{C1C1B2DA-D119-397D-AC9C-1F25B3485FFE}.RelWithDebInfo_Unreal|x64.ActiveCfg = RelWithDebInfo_VS2019|x64
		{C1C1B2DA-D119-397D-AC9C-1F25B3485FFE}.RelWithDebInfo_Unreal|x64.Build.0 = RelWithDebInfo_VS2019|x64
		{09A2DA65-C8F4-37FC-91B8-AACA66F82ECF}.RelUnoptimized_FBX|x64.ActiveCfg = RelUnoptimized_VS2019|x64
		{09A2DA65-C8F4-37FC-91B8-AACA66F82ECF}.RelUnoptimized_FBX|x64.Build.0 = RelUnoptimized_VS2019|x64
		{09A2DA65-C8F4-37FC-91B8-AACA66F82ECF}.RelUnoptimized_Unreal|x64.ActiveCfg = RelUnoptimized_VS2019|x64
		{09A2DA65-C8F4-37FC-91B8-AACA66F82ECF}.RelUnoptimized_Unreal|x64.Build.0 = RelUnoptimized_VS2019|x64
		{09A2DA65-C8F4-37FC-91B8-AACA66F82ECF}.RelWithDebInfo_FBX|x64.ActiveCfg = RelWithDebInfo_VS2019|x64
		{09A2DA65-C8F4-37FC-91B8-AACA66F82ECF}.RelWithDebInfo_FBX|x64.Build.0 = RelWithDebInfo_VS2019|x64
		{09A2DA65-C8F4-37FC-91B8-AACA66F82ECF}.RelWithDebInfo_Maya2020|x64.ActiveCfg = RelWithDebInfo_VS2017|x64
		{09A2DA65-C8F4-37FC-91B8-AACA66F82ECF}.RelWithDebInfo_Maya2020|x64.Build.0 = RelWithDebInfo_VS2017|x64
		{09A2DA65-C8F4-37FC-91B8-AACA66F82ECF}.RelWithDebInfo_Maya2022|x64.ActiveCfg = RelWithDebInfo_VS2019|x64
		{09A2DA65-C8F4-37FC-91B8-AACA66F82ECF}.RelWithDebInfo_Maya2022|x64.Build.0 = RelWithDebInfo_VS2019|x64
		{09A2DA65-C8F4-37FC-91B8-AACA66F82ECF}.RelWithDebInfo_Maya2023|x64.ActiveCfg = RelWithDebInfo_VS2019|x64
		{09A2DA65-C8F4-37FC-91B8-AACA66F82ECF}.RelWithDebInfo_Maya2023|x64.Build.0 = RelWithDebInfo_VS2019|x64
		{09A2DA65-C8F4-37FC-91B8-AACA66F82ECF}.RelWithDebInfo_Maya2024|x64.ActiveCfg = RelWithDebInfo_VS2022|x64
		{09A2DA65-C8F4-37FC-91B8-AACA66F82ECF}.RelWithDebInfo_Maya2024|x64.Build.0 = RelWithDebInfo_VS2022|x64
		{09A2DA65-C8F4-37FC-91B8-AACA66F82ECF}.RelWithDebInfo_Maya2025|x64.ActiveCfg = RelWithDebInfo_VS2022|x64
		{09A2DA65-C8F4-37FC-91B8-AACA66F82ECF}.RelWithDebInfo_Maya2025|x64.Build.0 = RelWithDebInfo_VS2022|x64
		{09A2DA65-C8F4-37FC-91B8-AACA66F82ECF}.RelWithDebInfo_Unreal|x64.ActiveCfg = RelWithDebInfo_VS2019|x64
		{09A2DA65-C8F4-37FC-91B8-AACA66F82ECF}.RelWithDebInfo_Unreal|x64.Build.0 = RelWithDebInfo_VS2019|x64
		{EC0F2B11-59EE-32AC-B26A-80FD9D4E4329}.RelUnoptimized_FBX|x64.ActiveCfg = RelUnoptimized_VS2019|x64
		{EC0F2B11-59EE-32AC-B26A-80FD9D4E4329}.RelUnoptimized_FBX|x64.Build.0 = RelUnoptimized_VS2019|x64
		{EC0F2B11-59EE-32AC-B26A-80FD9D4E4329}.RelUnoptimized_Unreal|x64.ActiveCfg = RelUnoptimized_VS2019|x64
		{EC0F2B11-59EE-32AC-B26A-80FD9D4E4329}.RelUnoptimized_Unreal|x64.Build.0 = RelUnoptimized_VS2019|x64
		{EC0F2B11-59EE-32AC-B26A-80FD9D4E4329}.RelWithDebInfo_FBX|x64.ActiveCfg = RelWithDebInfo_VS2019|x64
		{EC0F2B11-59EE-32AC-B26A-80FD9D4E4329}.RelWithDebInfo_FBX|x64.Build.0 = RelWithDebInfo_VS2019|x64
		{EC0F2B11-59EE-32AC-B26A-80FD9D4E4329}.RelWithDebInfo_Maya2020|x64.ActiveCfg = RelWithDebInfo_VS2017|x64
		{EC0F2B11-59EE-32AC-B26A-80FD9D4E4329}.RelWithDebInfo_Maya2020|x64.Build.0 = RelWithDebInfo_VS2017|x64
		{EC0F2B11-59EE-32AC-B26A-80FD9D4E4329}.RelWithDebInfo_Maya2022|x64.ActiveCfg = RelWithDebInfo_VS2019|x64
		{EC0F2B11-59EE-32AC-B26A-80FD9D4E4329}.RelWithDebInfo_Maya2022|x64.Build.0 = RelWithDebInfo_VS2019|x64
		{EC0F2B11-59EE-32AC-B26A-80FD9D4E4329}.RelWithDebInfo_Maya2023|x64.ActiveCfg = RelWithDebInfo_VS2019|x64
		{EC0F2B11-59EE-32AC-B26A-80FD9D4E4329}.RelWithDebInfo_Maya2023|x64.Build.0 = RelWithDebInfo_VS2019|x64
		{EC0F2B11-59EE-32AC-B26A-80FD9D4E4329}.RelWithDebInfo_Maya2024|x64.ActiveCfg = RelWithDebInfo_VS2022|x64
		{EC0F2B11-59EE-32AC-B26A-80FD9D4E4329}.RelWithDebInfo_Maya2024|x64.Build.0 = RelWithDebInfo_VS2022|x64
		{EC0F2B11-59EE-32AC-B26A-80FD9D4E4329}.RelWithDebInfo_Maya2025|x64.ActiveCfg = RelWithDebInfo_VS2022|x64
		{EC0F2B11-59EE-32AC-B26A-80FD9D4E4329}.RelWithDebInfo_Maya2025|x64.Build.0 = RelWithDebInfo_VS2022|x64
		{EC0F2B11-59EE-32AC-B26A-80FD9D4E4329}.RelWithDebInfo_Unreal|x64.ActiveCfg = RelWithDebInfo_VS2019|x64
		{EC0F2B11-59EE-32AC-B26A-80FD9D4E4329}.RelWithDebInfo_Unreal|x64.Build.0 = RelWithDebInfo_VS2019|x64
		{E08C28B3-FBF9-3975-A7EC-F3B289ED4018}.RelUnoptimized_FBX|x64.ActiveCfg = RelUnoptimized_FBX|x64
		{E08C28B3-FBF9-3975-A7EC-F3B289ED4018}.RelUnoptimized_FBX|x64.Build.0 = RelUnoptimized_FBX|x64
		{E08C28B3-FBF9-3975-A7EC-F3B289ED4018}.RelUnoptimized_Unreal|x64.ActiveCfg = RelUnoptimized_Unreal|x64
		{E08C28B3-FBF9-3975-A7EC-F3B289ED4018}.RelUnoptimized_Unreal|x64.Build.0 = RelUnoptimized_Unreal|x64
		{E08C28B3-FBF9-3975-A7EC-F3B289ED4018}.RelWithDebInfo_FBX|x64.ActiveCfg = RelWithDebInfo_FBX|x64
		{E08C28B3-FBF9-3975-A7EC-F3B289ED4018}.RelWithDebInfo_FBX|x64.Build.0 = RelWithDebInfo_FBX|x64
		{E08C28B3-FBF9-3975-A7EC-F3B289ED4018}.RelWithDebInfo_Maya2020|x64.ActiveCfg = RelWithDebInfo_Maya2020|x64
		{E08C28B3-FBF9-3975-A7EC-F3B289ED4018}.RelWithDebInfo_Maya2020|x64.Build.0 = RelWithDebInfo_Maya2020|x64
		{E08C28B3-FBF9-3975-A7EC-F3B289ED4018}.RelWithDebInfo_Maya2022|x64.ActiveCfg = RelWithDebInfo_Maya2022|x64
		{E08C28B3-FBF9-3975-A7EC-F3B289ED4018}.RelWithDebInfo_Maya2022|x64.Build.0 = RelWithDebInfo_Maya2022|x64
		{E08C28B3-FBF9-3975-A7EC-F3B289ED4018}.RelWithDebInfo_Maya2023|x64.ActiveCfg = RelWithDebInfo_Maya2023|x64
		{E08C28B3-FBF9-3975-A7EC-F3B289ED4018}.RelWithDebInfo_Maya2023|x64.Build.0 = RelWithDebInfo_Maya2023|x64
		{E08C28B3-FBF9-3975-A7EC-F3B289ED4018}.RelWithDebInfo_Maya2024|x64.ActiveCfg = RelWithDebInfo_Maya2024|x64
		{E08C28B3-FBF9-3975-A7EC-F3B289ED4018}.RelWithDebInfo_Maya2024|x64.Build.0 = RelWithDebInfo_Maya2024|x64
		{E08C28B3-FBF9-3975-A7EC-F3B289ED4018}.RelWithDebInfo_Maya2025|x64.ActiveCfg = RelWithDebInfo_Maya2025|x64
		{E08C28B3-FBF9-3975-A7EC-F3B289ED4018}.RelWithDebInfo_Maya2025|x64.Build.0 = RelWithDebInfo_Maya2025|x64
		{E08C28B3-FBF9-3975-A7EC-F3B289ED4018}.RelWithDebInfo_Unreal|x64.ActiveCfg = RelWithDebInfo_Unreal|x64
		{E08C28B3-FBF9-3975-A7EC-F3B289ED4018}.RelWithDebInfo_Unreal|x64.Build.0 = RelWithDebInfo_Unreal|x64
		{FD7B6E28-6892-4293-AA4A-EFC2E03B19C6}.RelUnoptimized_FBX|x64.ActiveCfg = RelUnoptimized_FBX|x64
		{FD7B6E28-6892-4293-AA4A-EFC2E03B19C6}.RelUnoptimized_FBX|x64.Build.0 = RelUnoptimized_FBX|x64
		{FD7B6E28-6892-4293-AA4A-EFC2E03B19C6}.RelUnoptimized_Unreal|x64.ActiveCfg = RelUnoptimized_FBX|x64
		{FD7B6E28-6892-4293-AA4A-EFC2E03B19C6}.RelUnoptimized_Unreal|x64.Build.0 = RelUnoptimized_FBX|x64
		{FD7B6E28-6892-4293-AA4A-EFC2E03B19C6}.RelWithDebInfo_FBX|x64.ActiveCfg = RelWithDebInfo_FBX|x64
		{FD7B6E28-6892-4293-AA4A-EFC2E03B19C6}.RelWithDebInfo_FBX|x64.Build.0 = RelWithDebInfo_FBX|x64
		{FD7B6E28-6892-4293-AA4A-EFC2E03B19C6}.RelWithDebInfo_Maya2020|x64.ActiveCfg = RelWithDebInfo_FBX|x64
		{FD7B6E28-6892-4293-AA4A-EFC2E03B19C6}.RelWithDebInfo_Maya2020|x64.Build.0 = RelWithDebInfo_FBX|x64
		{FD7B6E28-6892-4293-AA4A-EFC2E03B19C6}.RelWithDebInfo_Maya2022|x64.ActiveCfg = RelWithDebInfo_FBX|x64
		{FD7B6E28-6892-4293-AA4A-EFC2E03B19C6}.RelWithDebInfo_Maya2022|x64.Build.0 = RelWithDebInfo_FBX|x64
		{FD7B6E28-6892-4293-AA4A-EFC2E03B19C6}.RelWithDebInfo_Maya2023|x64.ActiveCfg = RelWithDebInfo_FBX|x64
		{FD7B6E28-6892-4293-AA4A-EFC2E03B19C6}.RelWithDebInfo_Maya2023|x64.Build.0 = RelWithDebInfo_FBX|x64
		{FD7B6E28-6892-4293-AA4A-EFC2E03B19C6}.RelWithDebInfo_Maya2024|x64.ActiveCfg = RelWithDebInfo_FBX|x64
		{FD7B6E28-6892-4293-AA4A-EFC2E03B19C6}.RelWithDebInfo_Maya2024|x64.Build.0 = RelWithDebInfo_FBX|x64
		{FD7B6E28-6892-4293-AA4A-EFC2E03B19C6}.RelWithDebInfo_Maya2025|x64.ActiveCfg = RelWithDebInfo_FBX|x64
		{FD7B6E28-6892-4293-AA4A-EFC2E03B19C6}.RelWithDebInfo_Maya2025|x64.Build.0 = RelWithDebInfo_FBX|x64
		{FD7B6E28-6892-4293-AA4A-EFC2E03B19C6}.RelWithDebInfo_Unreal|x64.ActiveCfg = RelWithDebInfo_FBX|x64
		{FD7B6E28-6892-4293-AA4A-EFC2E03B19C6}.RelWithDebInfo_Unreal|x64.Build.0 = RelWithDebInfo_FBX|x64
	EndGlobalSection
	GlobalSection(SolutionProperties) = preSolution
		HideSolutionNode = FALSE
	EndGlobalSection
	GlobalSection(ExtensibilityGlobals) = postSolution
		SolutionGuid = {BAA9377B-C43D-4A14-A0EE-AEAD0351B5E5}
	EndGlobalSection
EndGlobal
