<?xml version="1.0" encoding="utf-8"?>
<Project ToolsVersion="15.0" xmlns="http://schemas.microsoft.com/developer/msbuild/2003">
  <ItemGroup>
    <ClCompile Include="..\..\psd2m_util\src\util\math_2D.cpp" />
    <ClCompile Include="..\..\psd2m_util\src\util\threadpool.cpp" />
    <ClCompile Include="..\..\psd2m_util\src\util\bounds_2D.cpp" />
    <ClCompile Include="..\..\psd2m_util\src\util\utils.cpp" />
  </ItemGroup>
  <ItemGroup>
    <ClInclude Include="..\..\psd2m_util\src\util\math_2D.h" />
    <ClInclude Include="..\..\psd2m_util\src\util\utils.h" />
    <ClInclude Include="..\..\psd2m_util\src\util\vectorialPath.h" />
    <ClInclude Include="..\..\psd2m_util\src\util\helpers.h" />
    <ClInclude Include="..\..\psd2m_util\src\util\readerWriterLock.h" />
    <ClInclude Include="..\..\psd2m_util\src\util\threadpool.h" />
    <ClInclude Include="..\..\psd2m_util\src\util\progressJob.h" />
    <ClInclude Include="..\..\psd2m_util\src\util\bounds_2D.h" />
  </ItemGroup>
  <ItemGroup>
    <Filter Include="Source Files">
      <UniqueIdentifier>{86DE522D-CF5F-39F8-92ED-853C3F603767}</UniqueIdentifier>
    </Filter>
    <Filter Include="Header Files">
      <UniqueIdentifier>{E6B33AE8-A839-3E91-B87C-7EA31CC9C9B9}</UniqueIdentifier>
    </Filter>
    <Filter Include="Source Files\utils">
      <UniqueIdentifier>{A339DA3F-BE2A-3D96-839A-CC6AA6C13B60}</UniqueIdentifier>
    </Filter>
    <Filter Include="Header Files\utils">
      <UniqueIdentifier>{FB1A10AA-84F6-3A33-9971-31F59D3C1A0E}</UniqueIdentifier>
    </Filter>
  </ItemGroup>
</Project>